// !$*UTF8*$!
{
	archiveVersion = 1;
	classes = {
	};
	objectVersion = 50;
	objects = {

/* Begin PBXBuildFile section */
		477FE7CC22765FB6000D3D52 /* CharacterRepository.swift in Sources */ = {isa = PBXBuildFile; fileRef = 477FE7CB22765FB6000D3D52 /* CharacterRepository.swift */; };
		477FE7CE227660FE000D3D52 /* MarvelAPIKeys.swift in Sources */ = {isa = PBXBuildFile; fileRef = 477FE7CD227660FE000D3D52 /* MarvelAPIKeys.swift */; };
		47EC11632275FB7200A06AA3 /* AppDelegate.swift in Sources */ = {isa = PBXBuildFile; fileRef = 47EC11622275FB7200A06AA3 /* AppDelegate.swift */; };
		47EC11652275FB7200A06AA3 /* ViewController.swift in Sources */ = {isa = PBXBuildFile; fileRef = 47EC11642275FB7200A06AA3 /* ViewController.swift */; };
		47EC11682275FB7200A06AA3 /* Main.storyboard in Resources */ = {isa = PBXBuildFile; fileRef = 47EC11662275FB7200A06AA3 /* Main.storyboard */; };
		47EC116A2275FB7500A06AA3 /* Assets.xcassets in Resources */ = {isa = PBXBuildFile; fileRef = 47EC11692275FB7500A06AA3 /* Assets.xcassets */; };
		47EC116D2275FB7500A06AA3 /* LaunchScreen.storyboard in Resources */ = {isa = PBXBuildFile; fileRef = 47EC116B2275FB7500A06AA3 /* LaunchScreen.storyboard */; };
		47EC11782275FB7500A06AA3 /* Marvel_WikiTests.swift in Sources */ = {isa = PBXBuildFile; fileRef = 47EC11772275FB7500A06AA3 /* Marvel_WikiTests.swift */; };
		47EC118F22760E6400A06AA3 /* Models.swift in Sources */ = {isa = PBXBuildFile; fileRef = 47EC118E22760E6400A06AA3 /* Models.swift */; };
		47EC119122760EA600A06AA3 /* JSONEncodingHelper.swift in Sources */ = {isa = PBXBuildFile; fileRef = 47EC119022760EA600A06AA3 /* JSONEncodingHelper.swift */; };
		47EC119322760EC700A06AA3 /* JSONEncodableEncoding.swift in Sources */ = {isa = PBXBuildFile; fileRef = 47EC119222760EC700A06AA3 /* JSONEncodableEncoding.swift */; };
		47EC119522760ECE00A06AA3 /* Extensions.swift in Sources */ = {isa = PBXBuildFile; fileRef = 47EC119422760ECE00A06AA3 /* Extensions.swift */; };
		47EC119722760ED900A06AA3 /* Configuration.swift in Sources */ = {isa = PBXBuildFile; fileRef = 47EC119622760ED900A06AA3 /* Configuration.swift */; };
		47EC119922760EDF00A06AA3 /* CodableHelper.swift in Sources */ = {isa = PBXBuildFile; fileRef = 47EC119822760EDF00A06AA3 /* CodableHelper.swift */; };
		47EC119B22760EEE00A06AA3 /* APIs.swift in Sources */ = {isa = PBXBuildFile; fileRef = 47EC119A22760EEE00A06AA3 /* APIs.swift */; };
		47EC119D22760EF800A06AA3 /* APIHelper.swift in Sources */ = {isa = PBXBuildFile; fileRef = 47EC119C22760EF800A06AA3 /* APIHelper.swift */; };
		47EC119F22760F0300A06AA3 /* AlamofireImplementations.swift in Sources */ = {isa = PBXBuildFile; fileRef = 47EC119E22760F0300A06AA3 /* AlamofireImplementations.swift */; };
		47EC11A2227613A400A06AA3 /* MarvelAPI.swift in Sources */ = {isa = PBXBuildFile; fileRef = 47EC11A1227613A400A06AA3 /* MarvelAPI.swift */; };
		47EC11C7227614CF00A06AA3 /* ComicDataContainer.swift in Sources */ = {isa = PBXBuildFile; fileRef = 47EC11A4227614CC00A06AA3 /* ComicDataContainer.swift */; };
		47EC11C8227614CF00A06AA3 /* SeriesList.swift in Sources */ = {isa = PBXBuildFile; fileRef = 47EC11A5227614CC00A06AA3 /* SeriesList.swift */; };
		47EC11C9227614CF00A06AA3 /* SeriesSummary.swift in Sources */ = {isa = PBXBuildFile; fileRef = 47EC11A6227614CC00A06AA3 /* SeriesSummary.swift */; };
		47EC11CA227614CF00A06AA3 /* TextObject.swift in Sources */ = {isa = PBXBuildFile; fileRef = 47EC11A7227614CC00A06AA3 /* TextObject.swift */; };
		47EC11CB227614CF00A06AA3 /* Story.swift in Sources */ = {isa = PBXBuildFile; fileRef = 47EC11A8227614CD00A06AA3 /* Story.swift */; };
		47EC11CC227614CF00A06AA3 /* StorySummary.swift in Sources */ = {isa = PBXBuildFile; fileRef = 47EC11A9227614CD00A06AA3 /* StorySummary.swift */; };
		47EC11CD227614CF00A06AA3 /* CreatorList.swift in Sources */ = {isa = PBXBuildFile; fileRef = 47EC11AA227614CD00A06AA3 /* CreatorList.swift */; };
		47EC11CE227614CF00A06AA3 /* Event.swift in Sources */ = {isa = PBXBuildFile; fileRef = 47EC11AB227614CD00A06AA3 /* Event.swift */; };
		47EC11CF227614CF00A06AA3 /* EventDataWrapper.swift in Sources */ = {isa = PBXBuildFile; fileRef = 47EC11AC227614CD00A06AA3 /* EventDataWrapper.swift */; };
		47EC11D0227614CF00A06AA3 /* CreatorDataContainer.swift in Sources */ = {isa = PBXBuildFile; fileRef = 47EC11AD227614CD00A06AA3 /* CreatorDataContainer.swift */; };
		47EC11D1227614CF00A06AA3 /* CharacterList.swift in Sources */ = {isa = PBXBuildFile; fileRef = 47EC11AE227614CD00A06AA3 /* CharacterList.swift */; };
		47EC11D2227614CF00A06AA3 /* EventSummary.swift in Sources */ = {isa = PBXBuildFile; fileRef = 47EC11AF227614CD00A06AA3 /* EventSummary.swift */; };
		47EC11D3227614CF00A06AA3 /* CharacterDataContainer.swift in Sources */ = {isa = PBXBuildFile; fileRef = 47EC11B0227614CD00A06AA3 /* CharacterDataContainer.swift */; };
		47EC11D4227614CF00A06AA3 /* ComicList.swift in Sources */ = {isa = PBXBuildFile; fileRef = 47EC11B1227614CD00A06AA3 /* ComicList.swift */; };
		47EC11D5227614CF00A06AA3 /* StoryDataContainer.swift in Sources */ = {isa = PBXBuildFile; fileRef = 47EC11B2227614CD00A06AA3 /* StoryDataContainer.swift */; };
		47EC11D6227614CF00A06AA3 /* ModelCharacter.swift in Sources */ = {isa = PBXBuildFile; fileRef = 47EC11B3227614CD00A06AA3 /* ModelCharacter.swift */; };
		47EC11D7227614CF00A06AA3 /* Comic.swift in Sources */ = {isa = PBXBuildFile; fileRef = 47EC11B4227614CE00A06AA3 /* Comic.swift */; };
		47EC11D8227614CF00A06AA3 /* CreatorDataWrapper.swift in Sources */ = {isa = PBXBuildFile; fileRef = 47EC11B5227614CE00A06AA3 /* CreatorDataWrapper.swift */; };
		47EC11D9227614CF00A06AA3 /* Image.swift in Sources */ = {isa = PBXBuildFile; fileRef = 47EC11B6227614CE00A06AA3 /* Image.swift */; };
		47EC11DA227614CF00A06AA3 /* Url.swift in Sources */ = {isa = PBXBuildFile; fileRef = 47EC11B7227614CE00A06AA3 /* Url.swift */; };
		47EC11DB227614CF00A06AA3 /* StoryDataWrapper.swift in Sources */ = {isa = PBXBuildFile; fileRef = 47EC11B8227614CE00A06AA3 /* StoryDataWrapper.swift */; };
		47EC11DC227614CF00A06AA3 /* CharacterSummary.swift in Sources */ = {isa = PBXBuildFile; fileRef = 47EC11B9227614CE00A06AA3 /* CharacterSummary.swift */; };
		47EC11DD227614CF00A06AA3 /* ComicDataWrapper.swift in Sources */ = {isa = PBXBuildFile; fileRef = 47EC11BA227614CE00A06AA3 /* ComicDataWrapper.swift */; };
		47EC11DE227614CF00A06AA3 /* CharacterDataWrapper.swift in Sources */ = {isa = PBXBuildFile; fileRef = 47EC11BB227614CE00A06AA3 /* CharacterDataWrapper.swift */; };
		47EC11DF227614CF00A06AA3 /* Series.swift in Sources */ = {isa = PBXBuildFile; fileRef = 47EC11BC227614CE00A06AA3 /* Series.swift */; };
		47EC11E0227614CF00A06AA3 /* Creator.swift in Sources */ = {isa = PBXBuildFile; fileRef = 47EC11BD227614CF00A06AA3 /* Creator.swift */; };
		47EC11E1227614CF00A06AA3 /* ComicSummary.swift in Sources */ = {isa = PBXBuildFile; fileRef = 47EC11BE227614CF00A06AA3 /* ComicSummary.swift */; };
		47EC11E2227614CF00A06AA3 /* ComicDate.swift in Sources */ = {isa = PBXBuildFile; fileRef = 47EC11BF227614CF00A06AA3 /* ComicDate.swift */; };
		47EC11E3227614CF00A06AA3 /* ComicPrice.swift in Sources */ = {isa = PBXBuildFile; fileRef = 47EC11C0227614CF00A06AA3 /* ComicPrice.swift */; };
		47EC11E4227614CF00A06AA3 /* SeriesDataWrapper.swift in Sources */ = {isa = PBXBuildFile; fileRef = 47EC11C1227614CF00A06AA3 /* SeriesDataWrapper.swift */; };
		47EC11E5227614CF00A06AA3 /* EventDataContainer.swift in Sources */ = {isa = PBXBuildFile; fileRef = 47EC11C2227614CF00A06AA3 /* EventDataContainer.swift */; };
		47EC11E6227614CF00A06AA3 /* EventList.swift in Sources */ = {isa = PBXBuildFile; fileRef = 47EC11C3227614CF00A06AA3 /* EventList.swift */; };
		47EC11E7227614CF00A06AA3 /* SeriesDataContainer.swift in Sources */ = {isa = PBXBuildFile; fileRef = 47EC11C4227614CF00A06AA3 /* SeriesDataContainer.swift */; };
		47EC11E8227614CF00A06AA3 /* CreatorSummary.swift in Sources */ = {isa = PBXBuildFile; fileRef = 47EC11C5227614CF00A06AA3 /* CreatorSummary.swift */; };
		47EC11E9227614CF00A06AA3 /* StoryList.swift in Sources */ = {isa = PBXBuildFile; fileRef = 47EC11C6227614CF00A06AA3 /* StoryList.swift */; };
		47EC11EB227616FB00A06AA3 /* Character.swift in Sources */ = {isa = PBXBuildFile; fileRef = 47EC11EA227616FB00A06AA3 /* Character.swift */; };
		47EC11EE2276172100A06AA3 /* CharacterBuilder.swift in Sources */ = {isa = PBXBuildFile; fileRef = 47EC11ED2276172100A06AA3 /* CharacterBuilder.swift */; };
		47EC11F322761DC500A06AA3 /* MarvelAuthentication.swift in Sources */ = {isa = PBXBuildFile; fileRef = 47EC11F222761DC500A06AA3 /* MarvelAuthentication.swift */; };
		47EC11F722765B6C00A06AA3 /* swagger.openapiv2.json in Sources */ = {isa = PBXBuildFile; fileRef = 47EC11F622765B6C00A06AA3 /* swagger.openapiv2.json */; };
		4E429CB49432F88F36A7D8E0 /* Pods_Marvel_Wiki.framework in Frameworks */ = {isa = PBXBuildFile; fileRef = AAB17A4723B1E6852227BD07 /* Pods_Marvel_Wiki.framework */; };
		5D48D690ADDB9E16B720F463 /* Pods_Marvel_WikiTests.framework in Frameworks */ = {isa = PBXBuildFile; fileRef = 06C740DBE0352C089038FC1B /* Pods_Marvel_WikiTests.framework */; };
/* End PBXBuildFile section */

/* Begin PBXContainerItemProxy section */
		47EC11742275FB7500A06AA3 /* PBXContainerItemProxy */ = {
			isa = PBXContainerItemProxy;
			containerPortal = 47EC11572275FB7200A06AA3 /* Project object */;
			proxyType = 1;
			remoteGlobalIDString = 47EC115E2275FB7200A06AA3;
			remoteInfo = "Marvel-Wiki";
		};
/* End PBXContainerItemProxy section */

/* Begin PBXFileReference section */
		06C740DBE0352C089038FC1B /* Pods_Marvel_WikiTests.framework */ = {isa = PBXFileReference; explicitFileType = wrapper.framework; includeInIndex = 0; path = Pods_Marvel_WikiTests.framework; sourceTree = BUILT_PRODUCTS_DIR; };
		3CC431E746E2E4069C236C1B /* Pods-Marvel-Wiki.release.xcconfig */ = {isa = PBXFileReference; includeInIndex = 1; lastKnownFileType = text.xcconfig; name = "Pods-Marvel-Wiki.release.xcconfig"; path = "Target Support Files/Pods-Marvel-Wiki/Pods-Marvel-Wiki.release.xcconfig"; sourceTree = "<group>"; };
		477FE7CB22765FB6000D3D52 /* CharacterRepository.swift */ = {isa = PBXFileReference; lastKnownFileType = sourcecode.swift; path = CharacterRepository.swift; sourceTree = "<group>"; };
		477FE7CD227660FE000D3D52 /* MarvelAPIKeys.swift */ = {isa = PBXFileReference; lastKnownFileType = sourcecode.swift; path = MarvelAPIKeys.swift; sourceTree = "<group>"; };
		47EC115F2275FB7200A06AA3 /* Marvel-Wiki.app */ = {isa = PBXFileReference; explicitFileType = wrapper.application; includeInIndex = 0; path = "Marvel-Wiki.app"; sourceTree = BUILT_PRODUCTS_DIR; };
		47EC11622275FB7200A06AA3 /* AppDelegate.swift */ = {isa = PBXFileReference; lastKnownFileType = sourcecode.swift; path = AppDelegate.swift; sourceTree = "<group>"; };
		47EC11642275FB7200A06AA3 /* ViewController.swift */ = {isa = PBXFileReference; lastKnownFileType = sourcecode.swift; path = ViewController.swift; sourceTree = "<group>"; };
		47EC11672275FB7200A06AA3 /* Base */ = {isa = PBXFileReference; lastKnownFileType = file.storyboard; name = Base; path = Base.lproj/Main.storyboard; sourceTree = "<group>"; };
		47EC11692275FB7500A06AA3 /* Assets.xcassets */ = {isa = PBXFileReference; lastKnownFileType = folder.assetcatalog; path = Assets.xcassets; sourceTree = "<group>"; };
		47EC116C2275FB7500A06AA3 /* Base */ = {isa = PBXFileReference; lastKnownFileType = file.storyboard; name = Base; path = Base.lproj/LaunchScreen.storyboard; sourceTree = "<group>"; };
		47EC116E2275FB7500A06AA3 /* Info.plist */ = {isa = PBXFileReference; lastKnownFileType = text.plist.xml; path = Info.plist; sourceTree = "<group>"; };
		47EC11732275FB7500A06AA3 /* Marvel-WikiTests.xctest */ = {isa = PBXFileReference; explicitFileType = wrapper.cfbundle; includeInIndex = 0; path = "Marvel-WikiTests.xctest"; sourceTree = BUILT_PRODUCTS_DIR; };
		47EC11772275FB7500A06AA3 /* Marvel_WikiTests.swift */ = {isa = PBXFileReference; lastKnownFileType = sourcecode.swift; path = Marvel_WikiTests.swift; sourceTree = "<group>"; };
		47EC11792275FB7500A06AA3 /* Info.plist */ = {isa = PBXFileReference; lastKnownFileType = text.plist.xml; path = Info.plist; sourceTree = "<group>"; };
		47EC118E22760E6400A06AA3 /* Models.swift */ = {isa = PBXFileReference; lastKnownFileType = sourcecode.swift; path = Models.swift; sourceTree = "<group>"; };
		47EC119022760EA600A06AA3 /* JSONEncodingHelper.swift */ = {isa = PBXFileReference; fileEncoding = 4; lastKnownFileType = sourcecode.swift; path = JSONEncodingHelper.swift; sourceTree = "<group>"; };
		47EC119222760EC700A06AA3 /* JSONEncodableEncoding.swift */ = {isa = PBXFileReference; fileEncoding = 4; lastKnownFileType = sourcecode.swift; path = JSONEncodableEncoding.swift; sourceTree = "<group>"; };
		47EC119422760ECE00A06AA3 /* Extensions.swift */ = {isa = PBXFileReference; fileEncoding = 4; lastKnownFileType = sourcecode.swift; path = Extensions.swift; sourceTree = "<group>"; };
		47EC119622760ED900A06AA3 /* Configuration.swift */ = {isa = PBXFileReference; fileEncoding = 4; lastKnownFileType = sourcecode.swift; path = Configuration.swift; sourceTree = "<group>"; };
		47EC119822760EDF00A06AA3 /* CodableHelper.swift */ = {isa = PBXFileReference; fileEncoding = 4; lastKnownFileType = sourcecode.swift; path = CodableHelper.swift; sourceTree = "<group>"; };
		47EC119A22760EEE00A06AA3 /* APIs.swift */ = {isa = PBXFileReference; fileEncoding = 4; lastKnownFileType = sourcecode.swift; path = APIs.swift; sourceTree = "<group>"; };
		47EC119C22760EF800A06AA3 /* APIHelper.swift */ = {isa = PBXFileReference; fileEncoding = 4; lastKnownFileType = sourcecode.swift; path = APIHelper.swift; sourceTree = "<group>"; };
		47EC119E22760F0300A06AA3 /* AlamofireImplementations.swift */ = {isa = PBXFileReference; fileEncoding = 4; lastKnownFileType = sourcecode.swift; path = AlamofireImplementations.swift; sourceTree = "<group>"; };
		47EC11A1227613A400A06AA3 /* MarvelAPI.swift */ = {isa = PBXFileReference; lastKnownFileType = sourcecode.swift; path = MarvelAPI.swift; sourceTree = "<group>"; };
		47EC11A4227614CC00A06AA3 /* ComicDataContainer.swift */ = {isa = PBXFileReference; fileEncoding = 4; lastKnownFileType = sourcecode.swift; path = ComicDataContainer.swift; sourceTree = "<group>"; };
		47EC11A5227614CC00A06AA3 /* SeriesList.swift */ = {isa = PBXFileReference; fileEncoding = 4; lastKnownFileType = sourcecode.swift; path = SeriesList.swift; sourceTree = "<group>"; };
		47EC11A6227614CC00A06AA3 /* SeriesSummary.swift */ = {isa = PBXFileReference; fileEncoding = 4; lastKnownFileType = sourcecode.swift; path = SeriesSummary.swift; sourceTree = "<group>"; };
		47EC11A7227614CC00A06AA3 /* TextObject.swift */ = {isa = PBXFileReference; fileEncoding = 4; lastKnownFileType = sourcecode.swift; path = TextObject.swift; sourceTree = "<group>"; };
		47EC11A8227614CD00A06AA3 /* Story.swift */ = {isa = PBXFileReference; fileEncoding = 4; lastKnownFileType = sourcecode.swift; path = Story.swift; sourceTree = "<group>"; };
		47EC11A9227614CD00A06AA3 /* StorySummary.swift */ = {isa = PBXFileReference; fileEncoding = 4; lastKnownFileType = sourcecode.swift; path = StorySummary.swift; sourceTree = "<group>"; };
		47EC11AA227614CD00A06AA3 /* CreatorList.swift */ = {isa = PBXFileReference; fileEncoding = 4; lastKnownFileType = sourcecode.swift; path = CreatorList.swift; sourceTree = "<group>"; };
		47EC11AB227614CD00A06AA3 /* Event.swift */ = {isa = PBXFileReference; fileEncoding = 4; lastKnownFileType = sourcecode.swift; path = Event.swift; sourceTree = "<group>"; };
		47EC11AC227614CD00A06AA3 /* EventDataWrapper.swift */ = {isa = PBXFileReference; fileEncoding = 4; lastKnownFileType = sourcecode.swift; path = EventDataWrapper.swift; sourceTree = "<group>"; };
		47EC11AD227614CD00A06AA3 /* CreatorDataContainer.swift */ = {isa = PBXFileReference; fileEncoding = 4; lastKnownFileType = sourcecode.swift; path = CreatorDataContainer.swift; sourceTree = "<group>"; };
		47EC11AE227614CD00A06AA3 /* CharacterList.swift */ = {isa = PBXFileReference; fileEncoding = 4; lastKnownFileType = sourcecode.swift; path = CharacterList.swift; sourceTree = "<group>"; };
		47EC11AF227614CD00A06AA3 /* EventSummary.swift */ = {isa = PBXFileReference; fileEncoding = 4; lastKnownFileType = sourcecode.swift; path = EventSummary.swift; sourceTree = "<group>"; };
		47EC11B0227614CD00A06AA3 /* CharacterDataContainer.swift */ = {isa = PBXFileReference; fileEncoding = 4; lastKnownFileType = sourcecode.swift; path = CharacterDataContainer.swift; sourceTree = "<group>"; };
		47EC11B1227614CD00A06AA3 /* ComicList.swift */ = {isa = PBXFileReference; fileEncoding = 4; lastKnownFileType = sourcecode.swift; path = ComicList.swift; sourceTree = "<group>"; };
		47EC11B2227614CD00A06AA3 /* StoryDataContainer.swift */ = {isa = PBXFileReference; fileEncoding = 4; lastKnownFileType = sourcecode.swift; path = StoryDataContainer.swift; sourceTree = "<group>"; };
		47EC11B3227614CD00A06AA3 /* ModelCharacter.swift */ = {isa = PBXFileReference; fileEncoding = 4; lastKnownFileType = sourcecode.swift; path = ModelCharacter.swift; sourceTree = "<group>"; };
		47EC11B4227614CE00A06AA3 /* Comic.swift */ = {isa = PBXFileReference; fileEncoding = 4; lastKnownFileType = sourcecode.swift; path = Comic.swift; sourceTree = "<group>"; };
		47EC11B5227614CE00A06AA3 /* CreatorDataWrapper.swift */ = {isa = PBXFileReference; fileEncoding = 4; lastKnownFileType = sourcecode.swift; path = CreatorDataWrapper.swift; sourceTree = "<group>"; };
		47EC11B6227614CE00A06AA3 /* Image.swift */ = {isa = PBXFileReference; fileEncoding = 4; lastKnownFileType = sourcecode.swift; path = Image.swift; sourceTree = "<group>"; };
		47EC11B7227614CE00A06AA3 /* Url.swift */ = {isa = PBXFileReference; fileEncoding = 4; lastKnownFileType = sourcecode.swift; path = Url.swift; sourceTree = "<group>"; };
		47EC11B8227614CE00A06AA3 /* StoryDataWrapper.swift */ = {isa = PBXFileReference; fileEncoding = 4; lastKnownFileType = sourcecode.swift; path = StoryDataWrapper.swift; sourceTree = "<group>"; };
		47EC11B9227614CE00A06AA3 /* CharacterSummary.swift */ = {isa = PBXFileReference; fileEncoding = 4; lastKnownFileType = sourcecode.swift; path = CharacterSummary.swift; sourceTree = "<group>"; };
		47EC11BA227614CE00A06AA3 /* ComicDataWrapper.swift */ = {isa = PBXFileReference; fileEncoding = 4; lastKnownFileType = sourcecode.swift; path = ComicDataWrapper.swift; sourceTree = "<group>"; };
		47EC11BB227614CE00A06AA3 /* CharacterDataWrapper.swift */ = {isa = PBXFileReference; fileEncoding = 4; lastKnownFileType = sourcecode.swift; path = CharacterDataWrapper.swift; sourceTree = "<group>"; };
		47EC11BC227614CE00A06AA3 /* Series.swift */ = {isa = PBXFileReference; fileEncoding = 4; lastKnownFileType = sourcecode.swift; path = Series.swift; sourceTree = "<group>"; };
		47EC11BD227614CF00A06AA3 /* Creator.swift */ = {isa = PBXFileReference; fileEncoding = 4; lastKnownFileType = sourcecode.swift; path = Creator.swift; sourceTree = "<group>"; };
		47EC11BE227614CF00A06AA3 /* ComicSummary.swift */ = {isa = PBXFileReference; fileEncoding = 4; lastKnownFileType = sourcecode.swift; path = ComicSummary.swift; sourceTree = "<group>"; };
		47EC11BF227614CF00A06AA3 /* ComicDate.swift */ = {isa = PBXFileReference; fileEncoding = 4; lastKnownFileType = sourcecode.swift; path = ComicDate.swift; sourceTree = "<group>"; };
		47EC11C0227614CF00A06AA3 /* ComicPrice.swift */ = {isa = PBXFileReference; fileEncoding = 4; lastKnownFileType = sourcecode.swift; path = ComicPrice.swift; sourceTree = "<group>"; };
		47EC11C1227614CF00A06AA3 /* SeriesDataWrapper.swift */ = {isa = PBXFileReference; fileEncoding = 4; lastKnownFileType = sourcecode.swift; path = SeriesDataWrapper.swift; sourceTree = "<group>"; };
		47EC11C2227614CF00A06AA3 /* EventDataContainer.swift */ = {isa = PBXFileReference; fileEncoding = 4; lastKnownFileType = sourcecode.swift; path = EventDataContainer.swift; sourceTree = "<group>"; };
		47EC11C3227614CF00A06AA3 /* EventList.swift */ = {isa = PBXFileReference; fileEncoding = 4; lastKnownFileType = sourcecode.swift; path = EventList.swift; sourceTree = "<group>"; };
		47EC11C4227614CF00A06AA3 /* SeriesDataContainer.swift */ = {isa = PBXFileReference; fileEncoding = 4; lastKnownFileType = sourcecode.swift; path = SeriesDataContainer.swift; sourceTree = "<group>"; };
		47EC11C5227614CF00A06AA3 /* CreatorSummary.swift */ = {isa = PBXFileReference; fileEncoding = 4; lastKnownFileType = sourcecode.swift; path = CreatorSummary.swift; sourceTree = "<group>"; };
		47EC11C6227614CF00A06AA3 /* StoryList.swift */ = {isa = PBXFileReference; fileEncoding = 4; lastKnownFileType = sourcecode.swift; path = StoryList.swift; sourceTree = "<group>"; };
		47EC11EA227616FB00A06AA3 /* Character.swift */ = {isa = PBXFileReference; lastKnownFileType = sourcecode.swift; path = Character.swift; sourceTree = "<group>"; };
		47EC11ED2276172100A06AA3 /* CharacterBuilder.swift */ = {isa = PBXFileReference; lastKnownFileType = sourcecode.swift; path = CharacterBuilder.swift; sourceTree = "<group>"; };
		47EC11F222761DC500A06AA3 /* MarvelAuthentication.swift */ = {isa = PBXFileReference; lastKnownFileType = sourcecode.swift; path = MarvelAuthentication.swift; sourceTree = "<group>"; };
		47EC11F622765B6C00A06AA3 /* swagger.openapiv2.json */ = {isa = PBXFileReference; lastKnownFileType = text.json; path = swagger.openapiv2.json; sourceTree = "<group>"; };
		9DED051EBF432F26717E3CDA /* Pods-Marvel-WikiTests.release.xcconfig */ = {isa = PBXFileReference; includeInIndex = 1; lastKnownFileType = text.xcconfig; name = "Pods-Marvel-WikiTests.release.xcconfig"; path = "Target Support Files/Pods-Marvel-WikiTests/Pods-Marvel-WikiTests.release.xcconfig"; sourceTree = "<group>"; };
		AAB17A4723B1E6852227BD07 /* Pods_Marvel_Wiki.framework */ = {isa = PBXFileReference; explicitFileType = wrapper.framework; includeInIndex = 0; path = Pods_Marvel_Wiki.framework; sourceTree = BUILT_PRODUCTS_DIR; };
		B66EFAC0A3310B023EE1C39E /* Pods-Marvel-Wiki.debug.xcconfig */ = {isa = PBXFileReference; includeInIndex = 1; lastKnownFileType = text.xcconfig; name = "Pods-Marvel-Wiki.debug.xcconfig"; path = "Target Support Files/Pods-Marvel-Wiki/Pods-Marvel-Wiki.debug.xcconfig"; sourceTree = "<group>"; };
		DB0480221039A6440CA8D875 /* Pods-Marvel-WikiTests.debug.xcconfig */ = {isa = PBXFileReference; includeInIndex = 1; lastKnownFileType = text.xcconfig; name = "Pods-Marvel-WikiTests.debug.xcconfig"; path = "Target Support Files/Pods-Marvel-WikiTests/Pods-Marvel-WikiTests.debug.xcconfig"; sourceTree = "<group>"; };
/* End PBXFileReference section */

/* Begin PBXFrameworksBuildPhase section */
		47EC115C2275FB7200A06AA3 /* Frameworks */ = {
			isa = PBXFrameworksBuildPhase;
			buildActionMask = 2147483647;
			files = (
				4E429CB49432F88F36A7D8E0 /* Pods_Marvel_Wiki.framework in Frameworks */,
			);
			runOnlyForDeploymentPostprocessing = 0;
		};
		47EC11702275FB7500A06AA3 /* Frameworks */ = {
			isa = PBXFrameworksBuildPhase;
			buildActionMask = 2147483647;
			files = (
				5D48D690ADDB9E16B720F463 /* Pods_Marvel_WikiTests.framework in Frameworks */,
			);
			runOnlyForDeploymentPostprocessing = 0;
		};
/* End PBXFrameworksBuildPhase section */

/* Begin PBXGroup section */
		3FD3AFEFB425ADEA13CE827B /* Pods */ = {
			isa = PBXGroup;
			children = (
				B66EFAC0A3310B023EE1C39E /* Pods-Marvel-Wiki.debug.xcconfig */,
				3CC431E746E2E4069C236C1B /* Pods-Marvel-Wiki.release.xcconfig */,
				DB0480221039A6440CA8D875 /* Pods-Marvel-WikiTests.debug.xcconfig */,
				9DED051EBF432F26717E3CDA /* Pods-Marvel-WikiTests.release.xcconfig */,
			);
			path = Pods;
			sourceTree = "<group>";
		};
		477FE7CA22765FA2000D3D52 /* CharacterRepository */ = {
			isa = PBXGroup;
			children = (
				477FE7CB22765FB6000D3D52 /* CharacterRepository.swift */,
			);
			path = CharacterRepository;
			sourceTree = "<group>";
		};
		47EC11562275FB7200A06AA3 = {
			isa = PBXGroup;
			children = (
				47EC11612275FB7200A06AA3 /* Marvel-Wiki */,
				47EC11762275FB7500A06AA3 /* Marvel-WikiTests */,
				47EC11602275FB7200A06AA3 /* Products */,
				3FD3AFEFB425ADEA13CE827B /* Pods */,
				C3A70ED8E4895D8822B65042 /* Frameworks */,
			);
			sourceTree = "<group>";
		};
		47EC11602275FB7200A06AA3 /* Products */ = {
			isa = PBXGroup;
			children = (
				47EC115F2275FB7200A06AA3 /* Marvel-Wiki.app */,
				47EC11732275FB7500A06AA3 /* Marvel-WikiTests.xctest */,
			);
			name = Products;
			sourceTree = "<group>";
		};
		47EC11612275FB7200A06AA3 /* Marvel-Wiki */ = {
			isa = PBXGroup;
			children = (
				47EC118A2276017400A06AA3 /* UI */,
				47EC11872275FBB900A06AA3 /* Extensions */,
				47EC11862275FBB200A06AA3 /* DI */,
				47EC11852275FBA300A06AA3 /* Services */,
				47EC11832275FB8700A06AA3 /* Storage */,
				47EC11622275FB7200A06AA3 /* AppDelegate.swift */,
				47EC11642275FB7200A06AA3 /* ViewController.swift */,
				47EC11662275FB7200A06AA3 /* Main.storyboard */,
				47EC11692275FB7500A06AA3 /* Assets.xcassets */,
				47EC116B2275FB7500A06AA3 /* LaunchScreen.storyboard */,
				47EC116E2275FB7500A06AA3 /* Info.plist */,
			);
			path = "Marvel-Wiki";
			sourceTree = "<group>";
		};
		47EC11762275FB7500A06AA3 /* Marvel-WikiTests */ = {
			isa = PBXGroup;
			children = (
				47EC11772275FB7500A06AA3 /* Marvel_WikiTests.swift */,
				47EC11792275FB7500A06AA3 /* Info.plist */,
			);
			path = "Marvel-WikiTests";
			sourceTree = "<group>";
		};
		47EC11822275FB8000A06AA3 /* Character */ = {
			isa = PBXGroup;
			children = (
			);
			path = Character;
			sourceTree = "<group>";
		};
		47EC11832275FB8700A06AA3 /* Storage */ = {
			isa = PBXGroup;
			children = (
				47EC11892276015A00A06AA3 /* Models */,
				47EC11882275FBF100A06AA3 /* API */,
				47EC11842275FB8B00A06AA3 /* Repositories */,
			);
			path = Storage;
			sourceTree = "<group>";
		};
		47EC11842275FB8B00A06AA3 /* Repositories */ = {
			isa = PBXGroup;
			children = (
				477FE7CA22765FA2000D3D52 /* CharacterRepository */,
			);
			path = Repositories;
			sourceTree = "<group>";
		};
		47EC11852275FBA300A06AA3 /* Services */ = {
			isa = PBXGroup;
			children = (
			);
			path = Services;
			sourceTree = "<group>";
		};
		47EC11862275FBB200A06AA3 /* DI */ = {
			isa = PBXGroup;
			children = (
			);
			path = DI;
			sourceTree = "<group>";
		};
		47EC11872275FBB900A06AA3 /* Extensions */ = {
			isa = PBXGroup;
			children = (
			);
			path = Extensions;
			sourceTree = "<group>";
		};
		47EC11882275FBF100A06AA3 /* API */ = {
			isa = PBXGroup;
			children = (
				47EC11A022760F0600A06AA3 /* SwaggerGenerated */,
				47EC118B22760DF500A06AA3 /* MarvelAPI */,
			);
			path = API;
			sourceTree = "<group>";
		};
		47EC11892276015A00A06AA3 /* Models */ = {
			isa = PBXGroup;
			children = (
				47EC11EC2276171000A06AA3 /* Character */,
			);
			path = Models;
			sourceTree = "<group>";
		};
		47EC118A2276017400A06AA3 /* UI */ = {
			isa = PBXGroup;
			children = (
				47EC11822275FB8000A06AA3 /* Character */,
			);
			path = UI;
			sourceTree = "<group>";
		};
		47EC118B22760DF500A06AA3 /* MarvelAPI */ = {
			isa = PBXGroup;
			children = (
				477FE7CD227660FE000D3D52 /* MarvelAPIKeys.swift */,
				47EC11A3227614AC00A06AA3 /* DTOModels */,
				47EC11A1227613A400A06AA3 /* MarvelAPI.swift */,
				47EC11F222761DC500A06AA3 /* MarvelAuthentication.swift */,
				47EC11F622765B6C00A06AA3 /* swagger.openapiv2.json */,
			);
			path = MarvelAPI;
			sourceTree = "<group>";
		};
		47EC11A022760F0600A06AA3 /* SwaggerGenerated */ = {
			isa = PBXGroup;
			children = (
				47EC119E22760F0300A06AA3 /* AlamofireImplementations.swift */,
				47EC119C22760EF800A06AA3 /* APIHelper.swift */,
				47EC118E22760E6400A06AA3 /* Models.swift */,
				47EC119222760EC700A06AA3 /* JSONEncodableEncoding.swift */,
				47EC119A22760EEE00A06AA3 /* APIs.swift */,
				47EC119022760EA600A06AA3 /* JSONEncodingHelper.swift */,
				47EC119422760ECE00A06AA3 /* Extensions.swift */,
				47EC119622760ED900A06AA3 /* Configuration.swift */,
				47EC119822760EDF00A06AA3 /* CodableHelper.swift */,
			);
			path = SwaggerGenerated;
			sourceTree = "<group>";
		};
		47EC11A3227614AC00A06AA3 /* DTOModels */ = {
			isa = PBXGroup;
			children = (
				47EC11B0227614CD00A06AA3 /* CharacterDataContainer.swift */,
				47EC11BB227614CE00A06AA3 /* CharacterDataWrapper.swift */,
				47EC11AE227614CD00A06AA3 /* CharacterList.swift */,
				47EC11B9227614CE00A06AA3 /* CharacterSummary.swift */,
				47EC11B4227614CE00A06AA3 /* Comic.swift */,
				47EC11A4227614CC00A06AA3 /* ComicDataContainer.swift */,
				47EC11BA227614CE00A06AA3 /* ComicDataWrapper.swift */,
				47EC11BF227614CF00A06AA3 /* ComicDate.swift */,
				47EC11B1227614CD00A06AA3 /* ComicList.swift */,
				47EC11C0227614CF00A06AA3 /* ComicPrice.swift */,
				47EC11BE227614CF00A06AA3 /* ComicSummary.swift */,
				47EC11BD227614CF00A06AA3 /* Creator.swift */,
				47EC11AD227614CD00A06AA3 /* CreatorDataContainer.swift */,
				47EC11B5227614CE00A06AA3 /* CreatorDataWrapper.swift */,
				47EC11AA227614CD00A06AA3 /* CreatorList.swift */,
				47EC11C5227614CF00A06AA3 /* CreatorSummary.swift */,
				47EC11AB227614CD00A06AA3 /* Event.swift */,
				47EC11C2227614CF00A06AA3 /* EventDataContainer.swift */,
				47EC11AC227614CD00A06AA3 /* EventDataWrapper.swift */,
				47EC11C3227614CF00A06AA3 /* EventList.swift */,
				47EC11AF227614CD00A06AA3 /* EventSummary.swift */,
				47EC11B6227614CE00A06AA3 /* Image.swift */,
				47EC11B3227614CD00A06AA3 /* ModelCharacter.swift */,
				47EC11BC227614CE00A06AA3 /* Series.swift */,
				47EC11C4227614CF00A06AA3 /* SeriesDataContainer.swift */,
				47EC11C1227614CF00A06AA3 /* SeriesDataWrapper.swift */,
				47EC11A5227614CC00A06AA3 /* SeriesList.swift */,
				47EC11A6227614CC00A06AA3 /* SeriesSummary.swift */,
				47EC11A8227614CD00A06AA3 /* Story.swift */,
				47EC11B2227614CD00A06AA3 /* StoryDataContainer.swift */,
				47EC11B8227614CE00A06AA3 /* StoryDataWrapper.swift */,
				47EC11C6227614CF00A06AA3 /* StoryList.swift */,
				47EC11A9227614CD00A06AA3 /* StorySummary.swift */,
				47EC11A7227614CC00A06AA3 /* TextObject.swift */,
				47EC11B7227614CE00A06AA3 /* Url.swift */,
			);
			path = DTOModels;
			sourceTree = "<group>";
		};
		47EC11EC2276171000A06AA3 /* Character */ = {
			isa = PBXGroup;
			children = (
				47EC11EA227616FB00A06AA3 /* Character.swift */,
				47EC11ED2276172100A06AA3 /* CharacterBuilder.swift */,
			);
			path = Character;
			sourceTree = "<group>";
		};
		C3A70ED8E4895D8822B65042 /* Frameworks */ = {
			isa = PBXGroup;
			children = (
				AAB17A4723B1E6852227BD07 /* Pods_Marvel_Wiki.framework */,
				06C740DBE0352C089038FC1B /* Pods_Marvel_WikiTests.framework */,
			);
			name = Frameworks;
			sourceTree = "<group>";
		};
/* End PBXGroup section */

/* Begin PBXNativeTarget section */
		47EC115E2275FB7200A06AA3 /* Marvel-Wiki */ = {
			isa = PBXNativeTarget;
			buildConfigurationList = 47EC117C2275FB7500A06AA3 /* Build configuration list for PBXNativeTarget "Marvel-Wiki" */;
			buildPhases = (
				2BEBCB84DBA215AAB27548C3 /* [CP] Check Pods Manifest.lock */,
				47EC115B2275FB7200A06AA3 /* Sources */,
				47EC115C2275FB7200A06AA3 /* Frameworks */,
				47EC115D2275FB7200A06AA3 /* Resources */,
				78BD20A14BDAF1F56DA14312 /* [CP] Embed Pods Frameworks */,
			);
			buildRules = (
			);
			dependencies = (
			);
			name = "Marvel-Wiki";
			productName = "Marvel-Wiki";
			productReference = 47EC115F2275FB7200A06AA3 /* Marvel-Wiki.app */;
			productType = "com.apple.product-type.application";
		};
		47EC11722275FB7500A06AA3 /* Marvel-WikiTests */ = {
			isa = PBXNativeTarget;
			buildConfigurationList = 47EC117F2275FB7500A06AA3 /* Build configuration list for PBXNativeTarget "Marvel-WikiTests" */;
			buildPhases = (
				01CFBF9D278737CFBA92547E /* [CP] Check Pods Manifest.lock */,
				47EC116F2275FB7500A06AA3 /* Sources */,
				47EC11702275FB7500A06AA3 /* Frameworks */,
				47EC11712275FB7500A06AA3 /* Resources */,
			);
			buildRules = (
			);
			dependencies = (
				47EC11752275FB7500A06AA3 /* PBXTargetDependency */,
			);
			name = "Marvel-WikiTests";
			productName = "Marvel-WikiTests";
			productReference = 47EC11732275FB7500A06AA3 /* Marvel-WikiTests.xctest */;
			productType = "com.apple.product-type.bundle.unit-test";
		};
/* End PBXNativeTarget section */

/* Begin PBXProject section */
		47EC11572275FB7200A06AA3 /* Project object */ = {
			isa = PBXProject;
			attributes = {
				LastSwiftUpdateCheck = 1010;
				LastUpgradeCheck = 1010;
				ORGANIZATIONNAME = "Tiago Rocha";
				TargetAttributes = {
					47EC115E2275FB7200A06AA3 = {
						CreatedOnToolsVersion = 10.1;
					};
					47EC11722275FB7500A06AA3 = {
						CreatedOnToolsVersion = 10.1;
						TestTargetID = 47EC115E2275FB7200A06AA3;
					};
				};
			};
			buildConfigurationList = 47EC115A2275FB7200A06AA3 /* Build configuration list for PBXProject "Marvel-Wiki" */;
			compatibilityVersion = "Xcode 9.3";
			developmentRegion = en;
			hasScannedForEncodings = 0;
			knownRegions = (
				en,
				Base,
			);
			mainGroup = 47EC11562275FB7200A06AA3;
			productRefGroup = 47EC11602275FB7200A06AA3 /* Products */;
			projectDirPath = "";
			projectRoot = "";
			targets = (
				47EC115E2275FB7200A06AA3 /* Marvel-Wiki */,
				47EC11722275FB7500A06AA3 /* Marvel-WikiTests */,
			);
		};
/* End PBXProject section */

/* Begin PBXResourcesBuildPhase section */
		47EC115D2275FB7200A06AA3 /* Resources */ = {
			isa = PBXResourcesBuildPhase;
			buildActionMask = 2147483647;
			files = (
				47EC116D2275FB7500A06AA3 /* LaunchScreen.storyboard in Resources */,
				47EC116A2275FB7500A06AA3 /* Assets.xcassets in Resources */,
				47EC11682275FB7200A06AA3 /* Main.storyboard in Resources */,
			);
			runOnlyForDeploymentPostprocessing = 0;
		};
		47EC11712275FB7500A06AA3 /* Resources */ = {
			isa = PBXResourcesBuildPhase;
			buildActionMask = 2147483647;
			files = (
			);
			runOnlyForDeploymentPostprocessing = 0;
		};
/* End PBXResourcesBuildPhase section */

/* Begin PBXShellScriptBuildPhase section */
		01CFBF9D278737CFBA92547E /* [CP] Check Pods Manifest.lock */ = {
			isa = PBXShellScriptBuildPhase;
			buildActionMask = 2147483647;
			files = (
			);
			inputFileListPaths = (
			);
			inputPaths = (
				"${PODS_PODFILE_DIR_PATH}/Podfile.lock",
				"${PODS_ROOT}/Manifest.lock",
			);
			name = "[CP] Check Pods Manifest.lock";
			outputFileListPaths = (
			);
			outputPaths = (
				"$(DERIVED_FILE_DIR)/Pods-Marvel-WikiTests-checkManifestLockResult.txt",
			);
			runOnlyForDeploymentPostprocessing = 0;
			shellPath = /bin/sh;
			shellScript = "diff \"${PODS_PODFILE_DIR_PATH}/Podfile.lock\" \"${PODS_ROOT}/Manifest.lock\" > /dev/null\nif [ $? != 0 ] ; then\n    # print error to STDERR\n    echo \"error: The sandbox is not in sync with the Podfile.lock. Run 'pod install' or update your CocoaPods installation.\" >&2\n    exit 1\nfi\n# This output is used by Xcode 'outputs' to avoid re-running this script phase.\necho \"SUCCESS\" > \"${SCRIPT_OUTPUT_FILE_0}\"\n";
			showEnvVarsInLog = 0;
		};
		2BEBCB84DBA215AAB27548C3 /* [CP] Check Pods Manifest.lock */ = {
			isa = PBXShellScriptBuildPhase;
			buildActionMask = 2147483647;
			files = (
			);
			inputFileListPaths = (
			);
			inputPaths = (
				"${PODS_PODFILE_DIR_PATH}/Podfile.lock",
				"${PODS_ROOT}/Manifest.lock",
			);
			name = "[CP] Check Pods Manifest.lock";
			outputFileListPaths = (
			);
			outputPaths = (
				"$(DERIVED_FILE_DIR)/Pods-Marvel-Wiki-checkManifestLockResult.txt",
			);
			runOnlyForDeploymentPostprocessing = 0;
			shellPath = /bin/sh;
			shellScript = "diff \"${PODS_PODFILE_DIR_PATH}/Podfile.lock\" \"${PODS_ROOT}/Manifest.lock\" > /dev/null\nif [ $? != 0 ] ; then\n    # print error to STDERR\n    echo \"error: The sandbox is not in sync with the Podfile.lock. Run 'pod install' or update your CocoaPods installation.\" >&2\n    exit 1\nfi\n# This output is used by Xcode 'outputs' to avoid re-running this script phase.\necho \"SUCCESS\" > \"${SCRIPT_OUTPUT_FILE_0}\"\n";
			showEnvVarsInLog = 0;
		};
		78BD20A14BDAF1F56DA14312 /* [CP] Embed Pods Frameworks */ = {
			isa = PBXShellScriptBuildPhase;
			buildActionMask = 2147483647;
			files = (
			);
			inputFileListPaths = (
			);
			inputPaths = (
				"${PODS_ROOT}/Target Support Files/Pods-Marvel-Wiki/Pods-Marvel-Wiki-frameworks.sh",
				"${BUILT_PRODUCTS_DIR}/Alamofire/Alamofire.framework",
				"${BUILT_PRODUCTS_DIR}/CryptoSwift/CryptoSwift.framework",
				"${BUILT_PRODUCTS_DIR}/Kingfisher/Kingfisher.framework",
				"${BUILT_PRODUCTS_DIR}/RxSwift/RxSwift.framework",
			);
			name = "[CP] Embed Pods Frameworks";
			outputFileListPaths = (
			);
			outputPaths = (
				"${TARGET_BUILD_DIR}/${FRAMEWORKS_FOLDER_PATH}/Alamofire.framework",
				"${TARGET_BUILD_DIR}/${FRAMEWORKS_FOLDER_PATH}/CryptoSwift.framework",
				"${TARGET_BUILD_DIR}/${FRAMEWORKS_FOLDER_PATH}/Kingfisher.framework",
				"${TARGET_BUILD_DIR}/${FRAMEWORKS_FOLDER_PATH}/RxSwift.framework",
			);
			runOnlyForDeploymentPostprocessing = 0;
			shellPath = /bin/sh;
			shellScript = "\"${PODS_ROOT}/Target Support Files/Pods-Marvel-Wiki/Pods-Marvel-Wiki-frameworks.sh\"\n";
			showEnvVarsInLog = 0;
		};
/* End PBXShellScriptBuildPhase section */

/* Begin PBXSourcesBuildPhase section */
		47EC115B2275FB7200A06AA3 /* Sources */ = {
			isa = PBXSourcesBuildPhase;
			buildActionMask = 2147483647;
			files = (
				47EC11DC227614CF00A06AA3 /* CharacterSummary.swift in Sources */,
				47EC119322760EC700A06AA3 /* JSONEncodableEncoding.swift in Sources */,
				47EC11652275FB7200A06AA3 /* ViewController.swift in Sources */,
				47EC11D9227614CF00A06AA3 /* Image.swift in Sources */,
				47EC11E1227614CF00A06AA3 /* ComicSummary.swift in Sources */,
				47EC11C8227614CF00A06AA3 /* SeriesList.swift in Sources */,
				47EC11CB227614CF00A06AA3 /* Story.swift in Sources */,
				47EC11E9227614CF00A06AA3 /* StoryList.swift in Sources */,
				47EC11CE227614CF00A06AA3 /* Event.swift in Sources */,
				47EC11CC227614CF00A06AA3 /* StorySummary.swift in Sources */,
				47EC11E5227614CF00A06AA3 /* EventDataContainer.swift in Sources */,
				47EC11D1227614CF00A06AA3 /* CharacterList.swift in Sources */,
				47EC11632275FB7200A06AA3 /* AppDelegate.swift in Sources */,
				47EC11D8227614CF00A06AA3 /* CreatorDataWrapper.swift in Sources */,
				47EC11A2227613A400A06AA3 /* MarvelAPI.swift in Sources */,
				47EC11D6227614CF00A06AA3 /* ModelCharacter.swift in Sources */,
				47EC119122760EA600A06AA3 /* JSONEncodingHelper.swift in Sources */,
				47EC118F22760E6400A06AA3 /* Models.swift in Sources */,
				47EC11DF227614CF00A06AA3 /* Series.swift in Sources */,
				47EC11E7227614CF00A06AA3 /* SeriesDataContainer.swift in Sources */,
				47EC11CA227614CF00A06AA3 /* TextObject.swift in Sources */,
				47EC11DB227614CF00A06AA3 /* StoryDataWrapper.swift in Sources */,
				47EC11E0227614CF00A06AA3 /* Creator.swift in Sources */,
				47EC11F722765B6C00A06AA3 /* swagger.openapiv2.json in Sources */,
				47EC11CF227614CF00A06AA3 /* EventDataWrapper.swift in Sources */,
				47EC119F22760F0300A06AA3 /* AlamofireImplementations.swift in Sources */,
				47EC11F322761DC500A06AA3 /* MarvelAuthentication.swift in Sources */,
				47EC119722760ED900A06AA3 /* Configuration.swift in Sources */,
				47EC11E8227614CF00A06AA3 /* CreatorSummary.swift in Sources */,
				477FE7CE227660FE000D3D52 /* MarvelAPIKeys.swift in Sources */,
				47EC11E6227614CF00A06AA3 /* EventList.swift in Sources */,
				47EC11E3227614CF00A06AA3 /* ComicPrice.swift in Sources */,
				47EC11CD227614CF00A06AA3 /* CreatorList.swift in Sources */,
				47EC119922760EDF00A06AA3 /* CodableHelper.swift in Sources */,
				47EC11EE2276172100A06AA3 /* CharacterBuilder.swift in Sources */,
				47EC11E4227614CF00A06AA3 /* SeriesDataWrapper.swift in Sources */,
				47EC11D7227614CF00A06AA3 /* Comic.swift in Sources */,
				47EC11D0227614CF00A06AA3 /* CreatorDataContainer.swift in Sources */,
				47EC11D5227614CF00A06AA3 /* StoryDataContainer.swift in Sources */,
				47EC11DA227614CF00A06AA3 /* Url.swift in Sources */,
				47EC11C7227614CF00A06AA3 /* ComicDataContainer.swift in Sources */,
				47EC119B22760EEE00A06AA3 /* APIs.swift in Sources */,
				47EC119D22760EF800A06AA3 /* APIHelper.swift in Sources */,
				47EC11EB227616FB00A06AA3 /* Character.swift in Sources */,
				47EC11DD227614CF00A06AA3 /* ComicDataWrapper.swift in Sources */,
				47EC11D2227614CF00A06AA3 /* EventSummary.swift in Sources */,
				47EC11C9227614CF00A06AA3 /* SeriesSummary.swift in Sources */,
				47EC11E2227614CF00A06AA3 /* ComicDate.swift in Sources */,
				47EC119522760ECE00A06AA3 /* Extensions.swift in Sources */,
				477FE7CC22765FB6000D3D52 /* CharacterRepository.swift in Sources */,
				47EC11DE227614CF00A06AA3 /* CharacterDataWrapper.swift in Sources */,
				47EC11D3227614CF00A06AA3 /* CharacterDataContainer.swift in Sources */,
				47EC11D4227614CF00A06AA3 /* ComicList.swift in Sources */,
			);
			runOnlyForDeploymentPostprocessing = 0;
		};
		47EC116F2275FB7500A06AA3 /* Sources */ = {
			isa = PBXSourcesBuildPhase;
			buildActionMask = 2147483647;
			files = (
				47EC11782275FB7500A06AA3 /* Marvel_WikiTests.swift in Sources */,
			);
			runOnlyForDeploymentPostprocessing = 0;
		};
/* End PBXSourcesBuildPhase section */

/* Begin PBXTargetDependency section */
		47EC11752275FB7500A06AA3 /* PBXTargetDependency */ = {
			isa = PBXTargetDependency;
			target = 47EC115E2275FB7200A06AA3 /* Marvel-Wiki */;
			targetProxy = 47EC11742275FB7500A06AA3 /* PBXContainerItemProxy */;
		};
/* End PBXTargetDependency section */

/* Begin PBXVariantGroup section */
		47EC11662275FB7200A06AA3 /* Main.storyboard */ = {
			isa = PBXVariantGroup;
			children = (
				47EC11672275FB7200A06AA3 /* Base */,
			);
			name = Main.storyboard;
			sourceTree = "<group>";
		};
		47EC116B2275FB7500A06AA3 /* LaunchScreen.storyboard */ = {
			isa = PBXVariantGroup;
			children = (
				47EC116C2275FB7500A06AA3 /* Base */,
			);
			name = LaunchScreen.storyboard;
			sourceTree = "<group>";
		};
/* End PBXVariantGroup section */

/* Begin XCBuildConfiguration section */
		47EC117A2275FB7500A06AA3 /* Debug */ = {
			isa = XCBuildConfiguration;
			buildSettings = {
				ALWAYS_SEARCH_USER_PATHS = NO;
				CLANG_ANALYZER_NONNULL = YES;
				CLANG_ANALYZER_NUMBER_OBJECT_CONVERSION = YES_AGGRESSIVE;
				CLANG_CXX_LANGUAGE_STANDARD = "gnu++14";
				CLANG_CXX_LIBRARY = "libc++";
				CLANG_ENABLE_MODULES = YES;
				CLANG_ENABLE_OBJC_ARC = YES;
				CLANG_ENABLE_OBJC_WEAK = YES;
				CLANG_WARN_BLOCK_CAPTURE_AUTORELEASING = YES;
				CLANG_WARN_BOOL_CONVERSION = YES;
				CLANG_WARN_COMMA = YES;
				CLANG_WARN_CONSTANT_CONVERSION = YES;
				CLANG_WARN_DEPRECATED_OBJC_IMPLEMENTATIONS = YES;
				CLANG_WARN_DIRECT_OBJC_ISA_USAGE = YES_ERROR;
				CLANG_WARN_DOCUMENTATION_COMMENTS = YES;
				CLANG_WARN_EMPTY_BODY = YES;
				CLANG_WARN_ENUM_CONVERSION = YES;
				CLANG_WARN_INFINITE_RECURSION = YES;
				CLANG_WARN_INT_CONVERSION = YES;
				CLANG_WARN_NON_LITERAL_NULL_CONVERSION = YES;
				CLANG_WARN_OBJC_IMPLICIT_RETAIN_SELF = YES;
				CLANG_WARN_OBJC_LITERAL_CONVERSION = YES;
				CLANG_WARN_OBJC_ROOT_CLASS = YES_ERROR;
				CLANG_WARN_RANGE_LOOP_ANALYSIS = YES;
				CLANG_WARN_STRICT_PROTOTYPES = YES;
				CLANG_WARN_SUSPICIOUS_MOVE = YES;
				CLANG_WARN_UNGUARDED_AVAILABILITY = YES_AGGRESSIVE;
				CLANG_WARN_UNREACHABLE_CODE = YES;
				CLANG_WARN__DUPLICATE_METHOD_MATCH = YES;
				CODE_SIGN_IDENTITY = "iPhone Developer";
				COPY_PHASE_STRIP = NO;
				DEBUG_INFORMATION_FORMAT = dwarf;
				ENABLE_STRICT_OBJC_MSGSEND = YES;
				ENABLE_TESTABILITY = YES;
				GCC_C_LANGUAGE_STANDARD = gnu11;
				GCC_DYNAMIC_NO_PIC = NO;
				GCC_NO_COMMON_BLOCKS = YES;
				GCC_OPTIMIZATION_LEVEL = 0;
				GCC_PREPROCESSOR_DEFINITIONS = (
					"DEBUG=1",
					"$(inherited)",
				);
				GCC_WARN_64_TO_32_BIT_CONVERSION = YES;
				GCC_WARN_ABOUT_RETURN_TYPE = YES_ERROR;
				GCC_WARN_UNDECLARED_SELECTOR = YES;
				GCC_WARN_UNINITIALIZED_AUTOS = YES_AGGRESSIVE;
				GCC_WARN_UNUSED_FUNCTION = YES;
				GCC_WARN_UNUSED_VARIABLE = YES;
				IPHONEOS_DEPLOYMENT_TARGET = 12.1;
				MTL_ENABLE_DEBUG_INFO = INCLUDE_SOURCE;
				MTL_FAST_MATH = YES;
				ONLY_ACTIVE_ARCH = YES;
				SDKROOT = iphoneos;
				SWIFT_ACTIVE_COMPILATION_CONDITIONS = DEBUG;
				SWIFT_OPTIMIZATION_LEVEL = "-Onone";
			};
			name = Debug;
		};
		47EC117B2275FB7500A06AA3 /* Release */ = {
			isa = XCBuildConfiguration;
			buildSettings = {
				ALWAYS_SEARCH_USER_PATHS = NO;
				CLANG_ANALYZER_NONNULL = YES;
				CLANG_ANALYZER_NUMBER_OBJECT_CONVERSION = YES_AGGRESSIVE;
				CLANG_CXX_LANGUAGE_STANDARD = "gnu++14";
				CLANG_CXX_LIBRARY = "libc++";
				CLANG_ENABLE_MODULES = YES;
				CLANG_ENABLE_OBJC_ARC = YES;
				CLANG_ENABLE_OBJC_WEAK = YES;
				CLANG_WARN_BLOCK_CAPTURE_AUTORELEASING = YES;
				CLANG_WARN_BOOL_CONVERSION = YES;
				CLANG_WARN_COMMA = YES;
				CLANG_WARN_CONSTANT_CONVERSION = YES;
				CLANG_WARN_DEPRECATED_OBJC_IMPLEMENTATIONS = YES;
				CLANG_WARN_DIRECT_OBJC_ISA_USAGE = YES_ERROR;
				CLANG_WARN_DOCUMENTATION_COMMENTS = YES;
				CLANG_WARN_EMPTY_BODY = YES;
				CLANG_WARN_ENUM_CONVERSION = YES;
				CLANG_WARN_INFINITE_RECURSION = YES;
				CLANG_WARN_INT_CONVERSION = YES;
				CLANG_WARN_NON_LITERAL_NULL_CONVERSION = YES;
				CLANG_WARN_OBJC_IMPLICIT_RETAIN_SELF = YES;
				CLANG_WARN_OBJC_LITERAL_CONVERSION = YES;
				CLANG_WARN_OBJC_ROOT_CLASS = YES_ERROR;
				CLANG_WARN_RANGE_LOOP_ANALYSIS = YES;
				CLANG_WARN_STRICT_PROTOTYPES = YES;
				CLANG_WARN_SUSPICIOUS_MOVE = YES;
				CLANG_WARN_UNGUARDED_AVAILABILITY = YES_AGGRESSIVE;
				CLANG_WARN_UNREACHABLE_CODE = YES;
				CLANG_WARN__DUPLICATE_METHOD_MATCH = YES;
				CODE_SIGN_IDENTITY = "iPhone Developer";
				COPY_PHASE_STRIP = NO;
				DEBUG_INFORMATION_FORMAT = "dwarf-with-dsym";
				ENABLE_NS_ASSERTIONS = NO;
				ENABLE_STRICT_OBJC_MSGSEND = YES;
				GCC_C_LANGUAGE_STANDARD = gnu11;
				GCC_NO_COMMON_BLOCKS = YES;
				GCC_WARN_64_TO_32_BIT_CONVERSION = YES;
				GCC_WARN_ABOUT_RETURN_TYPE = YES_ERROR;
				GCC_WARN_UNDECLARED_SELECTOR = YES;
				GCC_WARN_UNINITIALIZED_AUTOS = YES_AGGRESSIVE;
				GCC_WARN_UNUSED_FUNCTION = YES;
				GCC_WARN_UNUSED_VARIABLE = YES;
				IPHONEOS_DEPLOYMENT_TARGET = 12.1;
				MTL_ENABLE_DEBUG_INFO = NO;
				MTL_FAST_MATH = YES;
				SDKROOT = iphoneos;
				SWIFT_COMPILATION_MODE = wholemodule;
				SWIFT_OPTIMIZATION_LEVEL = "-O";
				VALIDATE_PRODUCT = YES;
			};
			name = Release;
		};
		47EC117D2275FB7500A06AA3 /* Debug */ = {
			isa = XCBuildConfiguration;
			baseConfigurationReference = B66EFAC0A3310B023EE1C39E /* Pods-Marvel-Wiki.debug.xcconfig */;
			buildSettings = {
				ASSETCATALOG_COMPILER_APPICON_NAME = AppIcon;
				CODE_SIGN_STYLE = Automatic;
				DEVELOPMENT_TEAM = WPL6N62Q58;
				INFOPLIST_FILE = "Marvel-Wiki/Info.plist";
				LD_RUNPATH_SEARCH_PATHS = (
					"$(inherited)",
					"@executable_path/Frameworks",
				);
				PRODUCT_BUNDLE_IDENTIFIER = "com.tiagorocha.Marvel-Wiki";
				PRODUCT_NAME = "$(TARGET_NAME)";
				SWIFT_VERSION = 4.2;
				TARGETED_DEVICE_FAMILY = "1,2";
			};
			name = Debug;
		};
		47EC117E2275FB7500A06AA3 /* Release */ = {
			isa = XCBuildConfiguration;
			baseConfigurationReference = 3CC431E746E2E4069C236C1B /* Pods-Marvel-Wiki.release.xcconfig */;
			buildSettings = {
				ASSETCATALOG_COMPILER_APPICON_NAME = AppIcon;
				CODE_SIGN_STYLE = Automatic;
				DEVELOPMENT_TEAM = WPL6N62Q58;
				INFOPLIST_FILE = "Marvel-Wiki/Info.plist";
				LD_RUNPATH_SEARCH_PATHS = (
					"$(inherited)",
					"@executable_path/Frameworks",
				);
				PRODUCT_BUNDLE_IDENTIFIER = "com.tiagorocha.Marvel-Wiki";
				PRODUCT_NAME = "$(TARGET_NAME)";
				SWIFT_VERSION = 4.2;
				TARGETED_DEVICE_FAMILY = "1,2";
			};
			name = Release;
		};
		47EC11802275FB7500A06AA3 /* Debug */ = {
			isa = XCBuildConfiguration;
			baseConfigurationReference = DB0480221039A6440CA8D875 /* Pods-Marvel-WikiTests.debug.xcconfig */;
			buildSettings = {
				ALWAYS_EMBED_SWIFT_STANDARD_LIBRARIES = YES;
				BUNDLE_LOADER = "$(TEST_HOST)";
				CODE_SIGN_STYLE = Automatic;
				DEVELOPMENT_TEAM = WPL6N62Q58;
				INFOPLIST_FILE = "Marvel-WikiTests/Info.plist";
				LD_RUNPATH_SEARCH_PATHS = (
					"$(inherited)",
					"@executable_path/Frameworks",
					"@loader_path/Frameworks",
				);
				PRODUCT_BUNDLE_IDENTIFIER = "com.tiagorocha.Marvel-WikiTests";
				PRODUCT_NAME = "$(TARGET_NAME)";
				SWIFT_VERSION = 4.2;
				TARGETED_DEVICE_FAMILY = "1,2";
				TEST_HOST = "$(BUILT_PRODUCTS_DIR)/Marvel-Wiki.app/Marvel-Wiki";
			};
			name = Debug;
		};
		47EC11812275FB7500A06AA3 /* Release */ = {
			isa = XCBuildConfiguration;
			baseConfigurationReference = 9DED051EBF432F26717E3CDA /* Pods-Marvel-WikiTests.release.xcconfig */;
			buildSettings = {
				ALWAYS_EMBED_SWIFT_STANDARD_LIBRARIES = YES;
				BUNDLE_LOADER = "$(TEST_HOST)";
				CODE_SIGN_STYLE = Automatic;
				DEVELOPMENT_TEAM = WPL6N62Q58;
				INFOPLIST_FILE = "Marvel-WikiTests/Info.plist";
				LD_RUNPATH_SEARCH_PATHS = (
					"$(inherited)",
					"@executable_path/Frameworks",
					"@loader_path/Frameworks",
				);
				PRODUCT_BUNDLE_IDENTIFIER = "com.tiagorocha.Marvel-WikiTests";
				PRODUCT_NAME = "$(TARGET_NAME)";
				SWIFT_VERSION = 4.2;
				TARGETED_DEVICE_FAMILY = "1,2";
				TEST_HOST = "$(BUILT_PRODUCTS_DIR)/Marvel-Wiki.app/Marvel-Wiki";
			};
			name = Release;
		};
/* End XCBuildConfiguration section */

/* Begin XCConfigurationList section */
		47EC115A2275FB7200A06AA3 /* Build configuration list for PBXProject "Marvel-Wiki" */ = {
			isa = XCConfigurationList;
			buildConfigurations = (
				47EC117A2275FB7500A06AA3 /* Debug */,
				47EC117B2275FB7500A06AA3 /* Release */,
			);
			defaultConfigurationIsVisible = 0;
			defaultConfigurationName = Release;
		};
		47EC117C2275FB7500A06AA3 /* Build configuration list for PBXNativeTarget "Marvel-Wiki" */ = {
			isa = XCConfigurationList;
			buildConfigurations = (
				47EC117D2275FB7500A06AA3 /* Debug */,
				47EC117E2275FB7500A06AA3 /* Release */,
			);
			defaultConfigurationIsVisible = 0;
			defaultConfigurationName = Release;
		};
		47EC117F2275FB7500A06AA3 /* Build configuration list for PBXNativeTarget "Marvel-WikiTests" */ = {
			isa = XCConfigurationList;
			buildConfigurations = (
				47EC11802275FB7500A06AA3 /* Debug */,
				47EC11812275FB7500A06AA3 /* Release */,
			);
			defaultConfigurationIsVisible = 0;
			defaultConfigurationName = Release;
		};
/* End XCConfigurationList section */
	};
	rootObject = 47EC11572275FB7200A06AA3 /* Project object */;
}
